
Microsoft Visual Studio Solution File, Format Version 12.00
# Visual Studio Version 16
VisualStudioVersion = 16.0.30503.244
MinimumVisualStudioVersion = 10.0.40219.1
Project("{9A19103F-16F7-4668-BE54-9A1E7A4F7556}") = "UnitTestProject1", "UnitTestProject1\UnitTestProject1.csproj", "{17C5398F-D3A3-4D8F-9362-AC71D21F5E2E}"
EndProject
Project("{2150E333-8FDC-42A3-9474-1A3956D46DE8}") = "Client.UWP", "Client.UWP", "{2ED1A83F-B740-4F85-8646-AB24B277F81A}"
EndProject
Project("{2150E333-8FDC-42A3-9474-1A3956D46DE8}") = "Entities", "Entities", "{3AC4FB92-EA64-46A5-B1F3-49B7366BB3CD}"
EndProject
Project("{2150E333-8FDC-42A3-9474-1A3956D46DE8}") = "Server", "Server", "{AD13F8E9-5E36-414D-B4C0-BC92E302C8E5}"
EndProject
Project("{2150E333-8FDC-42A3-9474-1A3956D46DE8}") = "UnitTests", "UnitTests", "{DB4AE8BC-CE8E-41C4-9532-093AEF4D7CE9}"
EndProject
Project("{FAE04EC0-301F-11D3-BF4B-00C04F79EFBC}") = "Diiage2020.CsharpGames.Client.UWP", "Diiage2020.CsharpGames.Client.UWP\Diiage2020.CsharpGames.Client.UWP.csproj", "{71E550CF-01AF-4590-921F-8646B63655DF}"
EndProject
Project("{9A19103F-16F7-4668-BE54-9A1E7A4F7556}") = "Diiage2020.Csharp.Client.UnitTests", "Diiage2020.Csharp.Client.UnitTests\Diiage2020.Csharp.Client.UnitTests.csproj", "{0F2A41D7-F8DA-4CAB-AE17-5DAF55A1084C}"
EndProject
Project("{9A19103F-16F7-4668-BE54-9A1E7A4F7556}") = "Diiage2020.Csharp.Server.UnitTests", "Diiage2020.Csharp.Server.UnitTests\Diiage2020.Csharp.Server.UnitTests.csproj", "{7B0276CE-2398-441A-8084-9AEF3B488A3D}"
EndProject
Project("{9A19103F-16F7-4668-BE54-9A1E7A4F7556}") = "Diiage2020.CsharpGame.Client.Entities", "Diiage2020.CsharpGame.Client.Entities\Diiage2020.CsharpGame.Client.Entities.csproj", "{3D8B5BBC-D2F1-4976-93AE-BACF20EF1D02}"
EndProject
Project("{9A19103F-16F7-4668-BE54-9A1E7A4F7556}") = "Diiage2020.CsharpGame.Server.Core", "Diiage2020.CsharpGame.Server.Core\Diiage2020.CsharpGame.Server.Core.csproj", "{0059241E-9E3E-4553-8FD3-5FAC84E28943}"
EndProject
Project("{9A19103F-16F7-4668-BE54-9A1E7A4F7556}") = "Diiage2020.CSharpGame.Server.Services", "Diiage2020.CSharpGame.Server.Services\Diiage2020.CSharpGame.Server.Services.csproj", "{DCA18676-527C-4ADF-8333-EA100F26643B}"
EndProject
Project("{9A19103F-16F7-4668-BE54-9A1E7A4F7556}") = "Diiage2020.CsharpGame.Client.Services", "Diiage2020.CsharpGame.Client.Services\Diiage2020.CsharpGame.Client.Services.csproj", "{3977DAF2-6195-4ADA-B490-3BB3B6AB5ED9}"
EndProject
Project("{9A19103F-16F7-4668-BE54-9A1E7A4F7556}") = "Diiage2020.CsharpGame.Entities", "Diiage2020.CsharpGame.Entities\Diiage2020.CsharpGame.Entities.csproj", "{D1FE7223-63E5-4640-887B-70149576CA12}"
EndProject
Project("{2150E333-8FDC-42A3-9474-1A3956D46DE8}") = "Serialize", "Serialize", "{CDDE45C9-94B3-459F-A146-90AE5B8C79D0}"
EndProject
Project("{9A19103F-16F7-4668-BE54-9A1E7A4F7556}") = "SerializeJson", "SerializeJson\SerializeJson.csproj", "{880DA840-7ABA-4E7C-9D49-84DDFB930F89}"
EndProject
Global
	GlobalSection(SolutionConfigurationPlatforms) = preSolution
		Debug|Any CPU = Debug|Any CPU
		Debug|ARM = Debug|ARM
		Debug|ARM64 = Debug|ARM64
		Debug|x64 = Debug|x64
		Debug|x86 = Debug|x86
		Release|Any CPU = Release|Any CPU
		Release|ARM = Release|ARM
		Release|ARM64 = Release|ARM64
		Release|x64 = Release|x64
		Release|x86 = Release|x86
	EndGlobalSection
	GlobalSection(ProjectConfigurationPlatforms) = postSolution
		{17C5398F-D3A3-4D8F-9362-AC71D21F5E2E}.Debug|Any CPU.ActiveCfg = Debug|Any CPU
		{17C5398F-D3A3-4D8F-9362-AC71D21F5E2E}.Debug|Any CPU.Build.0 = Debug|Any CPU
		{17C5398F-D3A3-4D8F-9362-AC71D21F5E2E}.Debug|ARM.ActiveCfg = Debug|Any CPU
		{17C5398F-D3A3-4D8F-9362-AC71D21F5E2E}.Debug|ARM.Build.0 = Debug|Any CPU
		{17C5398F-D3A3-4D8F-9362-AC71D21F5E2E}.Debug|ARM64.ActiveCfg = Debug|Any CPU
		{17C5398F-D3A3-4D8F-9362-AC71D21F5E2E}.Debug|ARM64.Build.0 = Debug|Any CPU
		{17C5398F-D3A3-4D8F-9362-AC71D21F5E2E}.Debug|x64.ActiveCfg = Debug|Any CPU
		{17C5398F-D3A3-4D8F-9362-AC71D21F5E2E}.Debug|x64.Build.0 = Debug|Any CPU
		{17C5398F-D3A3-4D8F-9362-AC71D21F5E2E}.Debug|x86.ActiveCfg = Debug|Any CPU
		{17C5398F-D3A3-4D8F-9362-AC71D21F5E2E}.Debug|x86.Build.0 = Debug|Any CPU
		{17C5398F-D3A3-4D8F-9362-AC71D21F5E2E}.Release|Any CPU.ActiveCfg = Release|Any CPU
		{17C5398F-D3A3-4D8F-9362-AC71D21F5E2E}.Release|Any CPU.Build.0 = Release|Any CPU
		{17C5398F-D3A3-4D8F-9362-AC71D21F5E2E}.Release|ARM.ActiveCfg = Release|Any CPU
		{17C5398F-D3A3-4D8F-9362-AC71D21F5E2E}.Release|ARM.Build.0 = Release|Any CPU
		{17C5398F-D3A3-4D8F-9362-AC71D21F5E2E}.Release|ARM64.ActiveCfg = Release|Any CPU
		{17C5398F-D3A3-4D8F-9362-AC71D21F5E2E}.Release|ARM64.Build.0 = Release|Any CPU
		{17C5398F-D3A3-4D8F-9362-AC71D21F5E2E}.Release|x64.ActiveCfg = Release|Any CPU
		{17C5398F-D3A3-4D8F-9362-AC71D21F5E2E}.Release|x64.Build.0 = Release|Any CPU
		{17C5398F-D3A3-4D8F-9362-AC71D21F5E2E}.Release|x86.ActiveCfg = Release|Any CPU
		{17C5398F-D3A3-4D8F-9362-AC71D21F5E2E}.Release|x86.Build.0 = Release|Any CPU
		{71E550CF-01AF-4590-921F-8646B63655DF}.Debug|Any CPU.ActiveCfg = Debug|x86
		{71E550CF-01AF-4590-921F-8646B63655DF}.Debug|Any CPU.Build.0 = Debug|x86
		{71E550CF-01AF-4590-921F-8646B63655DF}.Debug|Any CPU.Deploy.0 = Debug|x86
		{71E550CF-01AF-4590-921F-8646B63655DF}.Debug|ARM.ActiveCfg = Debug|ARM
		{71E550CF-01AF-4590-921F-8646B63655DF}.Debug|ARM.Build.0 = Debug|ARM
		{71E550CF-01AF-4590-921F-8646B63655DF}.Debug|ARM.Deploy.0 = Debug|ARM
		{71E550CF-01AF-4590-921F-8646B63655DF}.Debug|ARM64.ActiveCfg = Debug|ARM64
		{71E550CF-01AF-4590-921F-8646B63655DF}.Debug|ARM64.Build.0 = Debug|ARM64
		{71E550CF-01AF-4590-921F-8646B63655DF}.Debug|ARM64.Deploy.0 = Debug|ARM64
		{71E550CF-01AF-4590-921F-8646B63655DF}.Debug|x64.ActiveCfg = Debug|x64
		{71E550CF-01AF-4590-921F-8646B63655DF}.Debug|x64.Build.0 = Debug|x64
		{71E550CF-01AF-4590-921F-8646B63655DF}.Debug|x64.Deploy.0 = Debug|x64
		{71E550CF-01AF-4590-921F-8646B63655DF}.Debug|x86.ActiveCfg = Debug|x86
		{71E550CF-01AF-4590-921F-8646B63655DF}.Debug|x86.Build.0 = Debug|x86
		{71E550CF-01AF-4590-921F-8646B63655DF}.Debug|x86.Deploy.0 = Debug|x86
		{71E550CF-01AF-4590-921F-8646B63655DF}.Release|Any CPU.ActiveCfg = Release|x86
		{71E550CF-01AF-4590-921F-8646B63655DF}.Release|ARM.ActiveCfg = Release|ARM
		{71E550CF-01AF-4590-921F-8646B63655DF}.Release|ARM.Build.0 = Release|ARM
		{71E550CF-01AF-4590-921F-8646B63655DF}.Release|ARM.Deploy.0 = Release|ARM
		{71E550CF-01AF-4590-921F-8646B63655DF}.Release|ARM64.ActiveCfg = Release|ARM64
		{71E550CF-01AF-4590-921F-8646B63655DF}.Release|ARM64.Build.0 = Release|ARM64
		{71E550CF-01AF-4590-921F-8646B63655DF}.Release|ARM64.Deploy.0 = Release|ARM64
		{71E550CF-01AF-4590-921F-8646B63655DF}.Release|x64.ActiveCfg = Release|x64
		{71E550CF-01AF-4590-921F-8646B63655DF}.Release|x64.Build.0 = Release|x64
		{71E550CF-01AF-4590-921F-8646B63655DF}.Release|x64.Deploy.0 = Release|x64
		{71E550CF-01AF-4590-921F-8646B63655DF}.Release|x86.ActiveCfg = Release|x86
		{71E550CF-01AF-4590-921F-8646B63655DF}.Release|x86.Build.0 = Release|x86
		{71E550CF-01AF-4590-921F-8646B63655DF}.Release|x86.Deploy.0 = Release|x86
		{0F2A41D7-F8DA-4CAB-AE17-5DAF55A1084C}.Debug|Any CPU.ActiveCfg = Debug|Any CPU
		{0F2A41D7-F8DA-4CAB-AE17-5DAF55A1084C}.Debug|Any CPU.Build.0 = Debug|Any CPU
		{0F2A41D7-F8DA-4CAB-AE17-5DAF55A1084C}.Debug|ARM.ActiveCfg = Debug|Any CPU
		{0F2A41D7-F8DA-4CAB-AE17-5DAF55A1084C}.Debug|ARM.Build.0 = Debug|Any CPU
		{0F2A41D7-F8DA-4CAB-AE17-5DAF55A1084C}.Debug|ARM64.ActiveCfg = Debug|Any CPU
		{0F2A41D7-F8DA-4CAB-AE17-5DAF55A1084C}.Debug|ARM64.Build.0 = Debug|Any CPU
		{0F2A41D7-F8DA-4CAB-AE17-5DAF55A1084C}.Debug|x64.ActiveCfg = Debug|Any CPU
		{0F2A41D7-F8DA-4CAB-AE17-5DAF55A1084C}.Debug|x64.Build.0 = Debug|Any CPU
		{0F2A41D7-F8DA-4CAB-AE17-5DAF55A1084C}.Debug|x86.ActiveCfg = Debug|Any CPU
		{0F2A41D7-F8DA-4CAB-AE17-5DAF55A1084C}.Debug|x86.Build.0 = Debug|Any CPU
		{0F2A41D7-F8DA-4CAB-AE17-5DAF55A1084C}.Release|Any CPU.ActiveCfg = Release|Any CPU
		{0F2A41D7-F8DA-4CAB-AE17-5DAF55A1084C}.Release|Any CPU.Build.0 = Release|Any CPU
		{0F2A41D7-F8DA-4CAB-AE17-5DAF55A1084C}.Release|ARM.ActiveCfg = Release|Any CPU
		{0F2A41D7-F8DA-4CAB-AE17-5DAF55A1084C}.Release|ARM.Build.0 = Release|Any CPU
		{0F2A41D7-F8DA-4CAB-AE17-5DAF55A1084C}.Release|ARM64.ActiveCfg = Release|Any CPU
		{0F2A41D7-F8DA-4CAB-AE17-5DAF55A1084C}.Release|ARM64.Build.0 = Release|Any CPU
		{0F2A41D7-F8DA-4CAB-AE17-5DAF55A1084C}.Release|x64.ActiveCfg = Release|Any CPU
		{0F2A41D7-F8DA-4CAB-AE17-5DAF55A1084C}.Release|x64.Build.0 = Release|Any CPU
		{0F2A41D7-F8DA-4CAB-AE17-5DAF55A1084C}.Release|x86.ActiveCfg = Release|Any CPU
		{0F2A41D7-F8DA-4CAB-AE17-5DAF55A1084C}.Release|x86.Build.0 = Release|Any CPU
		{7B0276CE-2398-441A-8084-9AEF3B488A3D}.Debug|Any CPU.ActiveCfg = Debug|Any CPU
		{7B0276CE-2398-441A-8084-9AEF3B488A3D}.Debug|Any CPU.Build.0 = Debug|Any CPU
		{7B0276CE-2398-441A-8084-9AEF3B488A3D}.Debug|ARM.ActiveCfg = Debug|Any CPU
		{7B0276CE-2398-441A-8084-9AEF3B488A3D}.Debug|ARM.Build.0 = Debug|Any CPU
		{7B0276CE-2398-441A-8084-9AEF3B488A3D}.Debug|ARM64.ActiveCfg = Debug|Any CPU
		{7B0276CE-2398-441A-8084-9AEF3B488A3D}.Debug|ARM64.Build.0 = Debug|Any CPU
		{7B0276CE-2398-441A-8084-9AEF3B488A3D}.Debug|x64.ActiveCfg = Debug|Any CPU
		{7B0276CE-2398-441A-8084-9AEF3B488A3D}.Debug|x64.Build.0 = Debug|Any CPU
		{7B0276CE-2398-441A-8084-9AEF3B488A3D}.Debug|x86.ActiveCfg = Debug|Any CPU
		{7B0276CE-2398-441A-8084-9AEF3B488A3D}.Debug|x86.Build.0 = Debug|Any CPU
		{7B0276CE-2398-441A-8084-9AEF3B488A3D}.Release|Any CPU.ActiveCfg = Release|Any CPU
		{7B0276CE-2398-441A-8084-9AEF3B488A3D}.Release|Any CPU.Build.0 = Release|Any CPU
		{7B0276CE-2398-441A-8084-9AEF3B488A3D}.Release|ARM.ActiveCfg = Release|Any CPU
		{7B0276CE-2398-441A-8084-9AEF3B488A3D}.Release|ARM.Build.0 = Release|Any CPU
		{7B0276CE-2398-441A-8084-9AEF3B488A3D}.Release|ARM64.ActiveCfg = Release|Any CPU
		{7B0276CE-2398-441A-8084-9AEF3B488A3D}.Release|ARM64.Build.0 = Release|Any CPU
		{7B0276CE-2398-441A-8084-9AEF3B488A3D}.Release|x64.ActiveCfg = Release|Any CPU
		{7B0276CE-2398-441A-8084-9AEF3B488A3D}.Release|x64.Build.0 = Release|Any CPU
		{7B0276CE-2398-441A-8084-9AEF3B488A3D}.Release|x86.ActiveCfg = Release|Any CPU
		{7B0276CE-2398-441A-8084-9AEF3B488A3D}.Release|x86.Build.0 = Release|Any CPU
		{3D8B5BBC-D2F1-4976-93AE-BACF20EF1D02}.Debug|Any CPU.ActiveCfg = Debug|Any CPU
		{3D8B5BBC-D2F1-4976-93AE-BACF20EF1D02}.Debug|Any CPU.Build.0 = Debug|Any CPU
		{3D8B5BBC-D2F1-4976-93AE-BACF20EF1D02}.Debug|ARM.ActiveCfg = Debug|Any CPU
		{3D8B5BBC-D2F1-4976-93AE-BACF20EF1D02}.Debug|ARM.Build.0 = Debug|Any CPU
		{3D8B5BBC-D2F1-4976-93AE-BACF20EF1D02}.Debug|ARM64.ActiveCfg = Debug|Any CPU
		{3D8B5BBC-D2F1-4976-93AE-BACF20EF1D02}.Debug|ARM64.Build.0 = Debug|Any CPU
		{3D8B5BBC-D2F1-4976-93AE-BACF20EF1D02}.Debug|x64.ActiveCfg = Debug|Any CPU
		{3D8B5BBC-D2F1-4976-93AE-BACF20EF1D02}.Debug|x64.Build.0 = Debug|Any CPU
		{3D8B5BBC-D2F1-4976-93AE-BACF20EF1D02}.Debug|x86.ActiveCfg = Debug|Any CPU
		{3D8B5BBC-D2F1-4976-93AE-BACF20EF1D02}.Debug|x86.Build.0 = Debug|Any CPU
		{3D8B5BBC-D2F1-4976-93AE-BACF20EF1D02}.Release|Any CPU.ActiveCfg = Release|Any CPU
		{3D8B5BBC-D2F1-4976-93AE-BACF20EF1D02}.Release|Any CPU.Build.0 = Release|Any CPU
		{3D8B5BBC-D2F1-4976-93AE-BACF20EF1D02}.Release|ARM.ActiveCfg = Release|Any CPU
		{3D8B5BBC-D2F1-4976-93AE-BACF20EF1D02}.Release|ARM.Build.0 = Release|Any CPU
		{3D8B5BBC-D2F1-4976-93AE-BACF20EF1D02}.Release|ARM64.ActiveCfg = Release|Any CPU
		{3D8B5BBC-D2F1-4976-93AE-BACF20EF1D02}.Release|ARM64.Build.0 = Release|Any CPU
		{3D8B5BBC-D2F1-4976-93AE-BACF20EF1D02}.Release|x64.ActiveCfg = Release|Any CPU
		{3D8B5BBC-D2F1-4976-93AE-BACF20EF1D02}.Release|x64.Build.0 = Release|Any CPU
		{3D8B5BBC-D2F1-4976-93AE-BACF20EF1D02}.Release|x86.ActiveCfg = Release|Any CPU
		{3D8B5BBC-D2F1-4976-93AE-BACF20EF1D02}.Release|x86.Build.0 = Release|Any CPU
		{0059241E-9E3E-4553-8FD3-5FAC84E28943}.Debug|Any CPU.ActiveCfg = Debug|Any CPU
		{0059241E-9E3E-4553-8FD3-5FAC84E28943}.Debug|Any CPU.Build.0 = Debug|Any CPU
		{0059241E-9E3E-4553-8FD3-5FAC84E28943}.Debug|ARM.ActiveCfg = Debug|Any CPU
		{0059241E-9E3E-4553-8FD3-5FAC84E28943}.Debug|ARM.Build.0 = Debug|Any CPU
		{0059241E-9E3E-4553-8FD3-5FAC84E28943}.Debug|ARM64.ActiveCfg = Debug|Any CPU
		{0059241E-9E3E-4553-8FD3-5FAC84E28943}.Debug|ARM64.Build.0 = Debug|Any CPU
		{0059241E-9E3E-4553-8FD3-5FAC84E28943}.Debug|x64.ActiveCfg = Debug|Any CPU
		{0059241E-9E3E-4553-8FD3-5FAC84E28943}.Debug|x64.Build.0 = Debug|Any CPU
		{0059241E-9E3E-4553-8FD3-5FAC84E28943}.Debug|x86.ActiveCfg = Debug|Any CPU
		{0059241E-9E3E-4553-8FD3-5FAC84E28943}.Debug|x86.Build.0 = Debug|Any CPU
		{0059241E-9E3E-4553-8FD3-5FAC84E28943}.Release|Any CPU.ActiveCfg = Release|Any CPU
		{0059241E-9E3E-4553-8FD3-5FAC84E28943}.Release|Any CPU.Build.0 = Release|Any CPU
		{0059241E-9E3E-4553-8FD3-5FAC84E28943}.Release|ARM.ActiveCfg = Release|Any CPU
		{0059241E-9E3E-4553-8FD3-5FAC84E28943}.Release|ARM.Build.0 = Release|Any CPU
		{0059241E-9E3E-4553-8FD3-5FAC84E28943}.Release|ARM64.ActiveCfg = Release|Any CPU
		{0059241E-9E3E-4553-8FD3-5FAC84E28943}.Release|ARM64.Build.0 = Release|Any CPU
		{0059241E-9E3E-4553-8FD3-5FAC84E28943}.Release|x64.ActiveCfg = Release|Any CPU
		{0059241E-9E3E-4553-8FD3-5FAC84E28943}.Release|x64.Build.0 = Release|Any CPU
		{0059241E-9E3E-4553-8FD3-5FAC84E28943}.Release|x86.ActiveCfg = Release|Any CPU
		{0059241E-9E3E-4553-8FD3-5FAC84E28943}.Release|x86.Build.0 = Release|Any CPU
		{DCA18676-527C-4ADF-8333-EA100F26643B}.Debug|Any CPU.ActiveCfg = Debug|Any CPU
		{DCA18676-527C-4ADF-8333-EA100F26643B}.Debug|Any CPU.Build.0 = Debug|Any CPU
		{DCA18676-527C-4ADF-8333-EA100F26643B}.Debug|ARM.ActiveCfg = Debug|Any CPU
		{DCA18676-527C-4ADF-8333-EA100F26643B}.Debug|ARM.Build.0 = Debug|Any CPU
		{DCA18676-527C-4ADF-8333-EA100F26643B}.Debug|ARM64.ActiveCfg = Debug|Any CPU
		{DCA18676-527C-4ADF-8333-EA100F26643B}.Debug|ARM64.Build.0 = Debug|Any CPU
		{DCA18676-527C-4ADF-8333-EA100F26643B}.Debug|x64.ActiveCfg = Debug|Any CPU
		{DCA18676-527C-4ADF-8333-EA100F26643B}.Debug|x64.Build.0 = Debug|Any CPU
		{DCA18676-527C-4ADF-8333-EA100F26643B}.Debug|x86.ActiveCfg = Debug|Any CPU
		{DCA18676-527C-4ADF-8333-EA100F26643B}.Debug|x86.Build.0 = Debug|Any CPU
		{DCA18676-527C-4ADF-8333-EA100F26643B}.Release|Any CPU.ActiveCfg = Release|Any CPU
		{DCA18676-527C-4ADF-8333-EA100F26643B}.Release|Any CPU.Build.0 = Release|Any CPU
		{DCA18676-527C-4ADF-8333-EA100F26643B}.Release|ARM.ActiveCfg = Release|Any CPU
		{DCA18676-527C-4ADF-8333-EA100F26643B}.Release|ARM.Build.0 = Release|Any CPU
		{DCA18676-527C-4ADF-8333-EA100F26643B}.Release|ARM64.ActiveCfg = Release|Any CPU
		{DCA18676-527C-4ADF-8333-EA100F26643B}.Release|ARM64.Build.0 = Release|Any CPU
		{DCA18676-527C-4ADF-8333-EA100F26643B}.Release|x64.ActiveCfg = Release|Any CPU
		{DCA18676-527C-4ADF-8333-EA100F26643B}.Release|x64.Build.0 = Release|Any CPU
		{DCA18676-527C-4ADF-8333-EA100F26643B}.Release|x86.ActiveCfg = Release|Any CPU
		{DCA18676-527C-4ADF-8333-EA100F26643B}.Release|x86.Build.0 = Release|Any CPU
		{3977DAF2-6195-4ADA-B490-3BB3B6AB5ED9}.Debug|Any CPU.ActiveCfg = Debug|Any CPU
		{3977DAF2-6195-4ADA-B490-3BB3B6AB5ED9}.Debug|Any CPU.Build.0 = Debug|Any CPU
		{3977DAF2-6195-4ADA-B490-3BB3B6AB5ED9}.Debug|ARM.ActiveCfg = Debug|Any CPU
		{3977DAF2-6195-4ADA-B490-3BB3B6AB5ED9}.Debug|ARM.Build.0 = Debug|Any CPU
		{3977DAF2-6195-4ADA-B490-3BB3B6AB5ED9}.Debug|ARM64.ActiveCfg = Debug|Any CPU
		{3977DAF2-6195-4ADA-B490-3BB3B6AB5ED9}.Debug|ARM64.Build.0 = Debug|Any CPU
		{3977DAF2-6195-4ADA-B490-3BB3B6AB5ED9}.Debug|x64.ActiveCfg = Debug|Any CPU
		{3977DAF2-6195-4ADA-B490-3BB3B6AB5ED9}.Debug|x64.Build.0 = Debug|Any CPU
		{3977DAF2-6195-4ADA-B490-3BB3B6AB5ED9}.Debug|x86.ActiveCfg = Debug|Any CPU
		{3977DAF2-6195-4ADA-B490-3BB3B6AB5ED9}.Debug|x86.Build.0 = Debug|Any CPU
		{3977DAF2-6195-4ADA-B490-3BB3B6AB5ED9}.Release|Any CPU.ActiveCfg = Release|Any CPU
		{3977DAF2-6195-4ADA-B490-3BB3B6AB5ED9}.Release|Any CPU.Build.0 = Release|Any CPU
		{3977DAF2-6195-4ADA-B490-3BB3B6AB5ED9}.Release|ARM.ActiveCfg = Release|Any CPU
		{3977DAF2-6195-4ADA-B490-3BB3B6AB5ED9}.Release|ARM.Build.0 = Release|Any CPU
		{3977DAF2-6195-4ADA-B490-3BB3B6AB5ED9}.Release|ARM64.ActiveCfg = Release|Any CPU
		{3977DAF2-6195-4ADA-B490-3BB3B6AB5ED9}.Release|ARM64.Build.0 = Release|Any CPU
		{3977DAF2-6195-4ADA-B490-3BB3B6AB5ED9}.Release|x64.ActiveCfg = Release|Any CPU
		{3977DAF2-6195-4ADA-B490-3BB3B6AB5ED9}.Release|x64.Build.0 = Release|Any CPU
		{3977DAF2-6195-4ADA-B490-3BB3B6AB5ED9}.Release|x86.ActiveCfg = Release|Any CPU
		{3977DAF2-6195-4ADA-B490-3BB3B6AB5ED9}.Release|x86.Build.0 = Release|Any CPU
		{D1FE7223-63E5-4640-887B-70149576CA12}.Debug|Any CPU.ActiveCfg = Debug|Any CPU
		{D1FE7223-63E5-4640-887B-70149576CA12}.Debug|Any CPU.Build.0 = Debug|Any CPU
		{D1FE7223-63E5-4640-887B-70149576CA12}.Debug|ARM.ActiveCfg = Debug|Any CPU
		{D1FE7223-63E5-4640-887B-70149576CA12}.Debug|ARM.Build.0 = Debug|Any CPU
		{D1FE7223-63E5-4640-887B-70149576CA12}.Debug|ARM64.ActiveCfg = Debug|Any CPU
		{D1FE7223-63E5-4640-887B-70149576CA12}.Debug|ARM64.Build.0 = Debug|Any CPU
		{D1FE7223-63E5-4640-887B-70149576CA12}.Debug|x64.ActiveCfg = Debug|Any CPU
		{D1FE7223-63E5-4640-887B-70149576CA12}.Debug|x64.Build.0 = Debug|Any CPU
		{D1FE7223-63E5-4640-887B-70149576CA12}.Debug|x86.ActiveCfg = Debug|Any CPU
		{D1FE7223-63E5-4640-887B-70149576CA12}.Debug|x86.Build.0 = Debug|Any CPU
		{D1FE7223-63E5-4640-887B-70149576CA12}.Release|Any CPU.ActiveCfg = Release|Any CPU
		{D1FE7223-63E5-4640-887B-70149576CA12}.Release|Any CPU.Build.0 = Release|Any CPU
		{D1FE7223-63E5-4640-887B-70149576CA12}.Release|ARM.ActiveCfg = Release|Any CPU
		{D1FE7223-63E5-4640-887B-70149576CA12}.Release|ARM.Build.0 = Release|Any CPU
		{D1FE7223-63E5-4640-887B-70149576CA12}.Release|ARM64.ActiveCfg = Release|Any CPU
		{D1FE7223-63E5-4640-887B-70149576CA12}.Release|ARM64.Build.0 = Release|Any CPU
		{D1FE7223-63E5-4640-887B-70149576CA12}.Release|x64.ActiveCfg = Release|Any CPU
		{D1FE7223-63E5-4640-887B-70149576CA12}.Release|x64.Build.0 = Release|Any CPU
		{D1FE7223-63E5-4640-887B-70149576CA12}.Release|x86.ActiveCfg = Release|Any CPU
		{D1FE7223-63E5-4640-887B-70149576CA12}.Release|x86.Build.0 = Release|Any CPU
		{880DA840-7ABA-4E7C-9D49-84DDFB930F89}.Debug|Any CPU.ActiveCfg = Debug|Any CPU
		{880DA840-7ABA-4E7C-9D49-84DDFB930F89}.Debug|Any CPU.Build.0 = Debug|Any CPU
		{880DA840-7ABA-4E7C-9D49-84DDFB930F89}.Debug|ARM.ActiveCfg = Debug|Any CPU
		{880DA840-7ABA-4E7C-9D49-84DDFB930F89}.Debug|ARM.Build.0 = Debug|Any CPU
		{880DA840-7ABA-4E7C-9D49-84DDFB930F89}.Debug|ARM64.ActiveCfg = Debug|Any CPU
		{880DA840-7ABA-4E7C-9D49-84DDFB930F89}.Debug|ARM64.Build.0 = Debug|Any CPU
		{880DA840-7ABA-4E7C-9D49-84DDFB930F89}.Debug|x64.ActiveCfg = Debug|Any CPU
		{880DA840-7ABA-4E7C-9D49-84DDFB930F89}.Debug|x64.Build.0 = Debug|Any CPU
		{880DA840-7ABA-4E7C-9D49-84DDFB930F89}.Debug|x86.ActiveCfg = Debug|Any CPU
		{880DA840-7ABA-4E7C-9D49-84DDFB930F89}.Debug|x86.Build.0 = Debug|Any CPU
		{880DA840-7ABA-4E7C-9D49-84DDFB930F89}.Release|Any CPU.ActiveCfg = Release|Any CPU
		{880DA840-7ABA-4E7C-9D49-84DDFB930F89}.Release|Any CPU.Build.0 = Release|Any CPU
		{880DA840-7ABA-4E7C-9D49-84DDFB930F89}.Release|ARM.ActiveCfg = Release|Any CPU
		{880DA840-7ABA-4E7C-9D49-84DDFB930F89}.Release|ARM.Build.0 = Release|Any CPU
		{880DA840-7ABA-4E7C-9D49-84DDFB930F89}.Release|ARM64.ActiveCfg = Release|Any CPU
		{880DA840-7ABA-4E7C-9D49-84DDFB930F89}.Release|ARM64.Build.0 = Release|Any CPU
		{880DA840-7ABA-4E7C-9D49-84DDFB930F89}.Release|x64.ActiveCfg = Release|Any CPU
		{880DA840-7ABA-4E7C-9D49-84DDFB930F89}.Release|x64.Build.0 = Release|Any CPU
		{880DA840-7ABA-4E7C-9D49-84DDFB930F89}.Release|x86.ActiveCfg = Release|Any CPU
		{880DA840-7ABA-4E7C-9D49-84DDFB930F89}.Release|x86.Build.0 = Release|Any CPU
	EndGlobalSection
	GlobalSection(SolutionProperties) = preSolution
		HideSolutionNode = FALSE
	EndGlobalSection
	GlobalSection(NestedProjects) = preSolution
		{17C5398F-D3A3-4D8F-9362-AC71D21F5E2E} = {DB4AE8BC-CE8E-41C4-9532-093AEF4D7CE9}
		{71E550CF-01AF-4590-921F-8646B63655DF} = {2ED1A83F-B740-4F85-8646-AB24B277F81A}
		{0F2A41D7-F8DA-4CAB-AE17-5DAF55A1084C} = {DB4AE8BC-CE8E-41C4-9532-093AEF4D7CE9}
		{7B0276CE-2398-441A-8084-9AEF3B488A3D} = {DB4AE8BC-CE8E-41C4-9532-093AEF4D7CE9}
		{3D8B5BBC-D2F1-4976-93AE-BACF20EF1D02} = {2ED1A83F-B740-4F85-8646-AB24B277F81A}
		{0059241E-9E3E-4553-8FD3-5FAC84E28943} = {AD13F8E9-5E36-414D-B4C0-BC92E302C8E5}
		{DCA18676-527C-4ADF-8333-EA100F26643B} = {AD13F8E9-5E36-414D-B4C0-BC92E302C8E5}
		{3977DAF2-6195-4ADA-B490-3BB3B6AB5ED9} = {2ED1A83F-B740-4F85-8646-AB24B277F81A}
		{D1FE7223-63E5-4640-887B-70149576CA12} = {3AC4FB92-EA64-46A5-B1F3-49B7366BB3CD}
		{880DA840-7ABA-4E7C-9D49-84DDFB930F89} = {CDDE45C9-94B3-459F-A146-90AE5B8C79D0}
	EndGlobalSection
	GlobalSection(ExtensibilityGlobals) = postSolution
		SolutionGuid = {852FEAFE-25DA-4F9C-8326-CAE57E4EBD10}
	EndGlobalSection
EndGlobal
